
Microsoft Visual Studio Solution File, Format Version 12.00
# Visual Studio Version 16
VisualStudioVersion = 16.0.29306.81
MinimumVisualStudioVersion = 10.0.40219.1
Project("{FAE04EC0-301F-11D3-BF4B-00C04F79EFBC}") = "Fibonacci yield", "Fibonacci yield.csproj", "{BE6D988F-9606-4A61-9AAD-3A3834CDBC73}"
EndProject
Global
	GlobalSection(SolutionConfigurationPlatforms) = preSolution
		Debug|Any CPU = Debug|Any CPU
		Release|Any CPU = Release|Any CPU
	EndGlobalSection
	GlobalSection(ProjectConfigurationPlatforms) = postSolution
		{BE6D988F-9606-4A61-9AAD-3A3834CDBC73}.Debug|Any CPU.ActiveCfg = Debug|Any CPU
		{BE6D988F-9606-4A61-9AAD-3A3834CDBC73}.Debug|Any CPU.Build.0 = Debug|Any CPU
		{BE6D988F-9606-4A61-9AAD-3A3834CDBC73}.Release|Any CPU.ActiveCfg = Release|Any CPU
		{BE6D988F-9606-4A61-9AAD-3A3834CDBC73}.Release|Any CPU.Build.0 = Release|Any CPU
	EndGlobalSection
	GlobalSection(SolutionProperties) = preSolution
		HideSolutionNode = FALSE
	EndGlobalSection
	GlobalSection(ExtensibilityGlobals) = postSolution
		SolutionGuid = {D56C9CA5-2580-47AF-8612-1C792D3E751A}
	EndGlobalSection
EndGlobal
